// !$*UTF8*$!
{
	archiveVersion = 1;
	classes = {
	};
	objectVersion = 50;
	objects = {

/* Begin PBXBuildFile section */
		913512E12266D9D20023A80B /* AppDelegate.swift in Sources */ = {isa = PBXBuildFile; fileRef = 913512E02266D9D20023A80B /* AppDelegate.swift */; };
		913512E32266D9D20023A80B /* ViewController.swift in Sources */ = {isa = PBXBuildFile; fileRef = 913512E22266D9D20023A80B /* ViewController.swift */; };
		913512E62266D9D20023A80B /* Main.storyboard in Resources */ = {isa = PBXBuildFile; fileRef = 913512E42266D9D20023A80B /* Main.storyboard */; };
		913512E82266D9D30023A80B /* Assets.xcassets in Resources */ = {isa = PBXBuildFile; fileRef = 913512E72266D9D30023A80B /* Assets.xcassets */; };
		913512EB2266D9D30023A80B /* LaunchScreen.storyboard in Resources */ = {isa = PBXBuildFile; fileRef = 913512E92266D9D30023A80B /* LaunchScreen.storyboard */; };
		916A7BAB226980EF00BE6553 /* CoreBluetooth.framework in Frameworks */ = {isa = PBXBuildFile; fileRef = 916A7BAA226980EF00BE6553 /* CoreBluetooth.framework */; };
/* End PBXBuildFile section */

/* Begin PBXFileReference section */
		913512DD2266D9D20023A80B /* bluetoothbuddy.app */ = {isa = PBXFileReference; explicitFileType = wrapper.application; includeInIndex = 0; path = bluetoothbuddy.app; sourceTree = BUILT_PRODUCTS_DIR; };
		913512E02266D9D20023A80B /* AppDelegate.swift */ = {isa = PBXFileReference; lastKnownFileType = sourcecode.swift; path = AppDelegate.swift; sourceTree = "<group>"; };
		913512E22266D9D20023A80B /* ViewController.swift */ = {isa = PBXFileReference; lastKnownFileType = sourcecode.swift; path = ViewController.swift; sourceTree = "<group>"; };
		913512E52266D9D20023A80B /* Base */ = {isa = PBXFileReference; lastKnownFileType = file.storyboard; name = Base; path = Base.lproj/Main.storyboard; sourceTree = "<group>"; };
		913512E72266D9D30023A80B /* Assets.xcassets */ = {isa = PBXFileReference; lastKnownFileType = folder.assetcatalog; path = Assets.xcassets; sourceTree = "<group>"; };
		913512EA2266D9D30023A80B /* Base */ = {isa = PBXFileReference; lastKnownFileType = file.storyboard; name = Base; path = Base.lproj/LaunchScreen.storyboard; sourceTree = "<group>"; };
		913512EC2266D9D30023A80B /* Info.plist */ = {isa = PBXFileReference; lastKnownFileType = text.plist.xml; path = Info.plist; sourceTree = "<group>"; };
		913512F52266E3230023A80B /* bluetoothbuddy.entitlements */ = {isa = PBXFileReference; lastKnownFileType = text.plist.entitlements; path = bluetoothbuddy.entitlements; sourceTree = "<group>"; };
		916A7BAA226980EF00BE6553 /* CoreBluetooth.framework */ = {isa = PBXFileReference; lastKnownFileType = wrapper.framework; name = CoreBluetooth.framework; path = System/Library/Frameworks/CoreBluetooth.framework; sourceTree = SDKROOT; };
/* End PBXFileReference section */

/* Begin PBXFrameworksBuildPhase section */
		913512DA2266D9D20023A80B /* Frameworks */ = {
			isa = PBXFrameworksBuildPhase;
			buildActionMask = 2147483647;
			files = (
				916A7BAB226980EF00BE6553 /* CoreBluetooth.framework in Frameworks */,
			);
			runOnlyForDeploymentPostprocessing = 0;
		};
/* End PBXFrameworksBuildPhase section */

/* Begin PBXGroup section */
		913512D42266D9D20023A80B = {
			isa = PBXGroup;
			children = (
				913512DF2266D9D20023A80B /* bluetoothbuddy */,
				913512DE2266D9D20023A80B /* Products */,
				913512F22266E3230023A80B /* Frameworks */,
			);
			sourceTree = "<group>";
		};
		913512DE2266D9D20023A80B /* Products */ = {
			isa = PBXGroup;
			children = (
				913512DD2266D9D20023A80B /* bluetoothbuddy.app */,
			);
			name = Products;
			sourceTree = "<group>";
		};
		913512DF2266D9D20023A80B /* bluetoothbuddy */ = {
			isa = PBXGroup;
			children = (
				913512F52266E3230023A80B /* bluetoothbuddy.entitlements */,
				913512E02266D9D20023A80B /* AppDelegate.swift */,
				913512E22266D9D20023A80B /* ViewController.swift */,
				913512E42266D9D20023A80B /* Main.storyboard */,
				913512E72266D9D30023A80B /* Assets.xcassets */,
				913512E92266D9D30023A80B /* LaunchScreen.storyboard */,
				913512EC2266D9D30023A80B /* Info.plist */,
			);
			path = bluetoothbuddy;
			sourceTree = "<group>";
		};
		913512F22266E3230023A80B /* Frameworks */ = {
			isa = PBXGroup;
			children = (
				916A7BAA226980EF00BE6553 /* CoreBluetooth.framework */,
			);
			name = Frameworks;
			sourceTree = "<group>";
		};
/* End PBXGroup section */

/* Begin PBXNativeTarget section */
		913512DC2266D9D20023A80B /* bluetoothbuddy */ = {
			isa = PBXNativeTarget;
			buildConfigurationList = 913512EF2266D9D30023A80B /* Build configuration list for PBXNativeTarget "bluetoothbuddy" */;
			buildPhases = (
				913512D92266D9D20023A80B /* Sources */,
				913512DA2266D9D20023A80B /* Frameworks */,
				913512DB2266D9D20023A80B /* Resources */,
			);
			buildRules = (
			);
			dependencies = (
			);
			name = bluetoothbuddy;
			productName = bluetoothbuddy;
			productReference = 913512DD2266D9D20023A80B /* bluetoothbuddy.app */;
			productType = "com.apple.product-type.application";
		};
/* End PBXNativeTarget section */

/* Begin PBXProject section */
		913512D52266D9D20023A80B /* Project object */ = {
			isa = PBXProject;
			attributes = {
				LastSwiftUpdateCheck = 1020;
				LastUpgradeCheck = 1020;
				ORGANIZATIONNAME = BennettSchoonerman;
				TargetAttributes = {
					913512DC2266D9D20023A80B = {
						CreatedOnToolsVersion = 10.2;
						SystemCapabilities = {
							com.apple.WAC = {
								enabled = 0;
							};
						};
					};
				};
			};
			buildConfigurationList = 913512D82266D9D20023A80B /* Build configuration list for PBXProject "bluetoothbuddy" */;
			compatibilityVersion = "Xcode 9.3";
			developmentRegion = en;
			hasScannedForEncodings = 0;
			knownRegions = (
				en,
				Base,
			);
			mainGroup = 913512D42266D9D20023A80B;
			productRefGroup = 913512DE2266D9D20023A80B /* Products */;
			projectDirPath = "";
			projectRoot = "";
			targets = (
				913512DC2266D9D20023A80B /* bluetoothbuddy */,
			);
		};
/* End PBXProject section */

/* Begin PBXResourcesBuildPhase section */
		913512DB2266D9D20023A80B /* Resources */ = {
			isa = PBXResourcesBuildPhase;
			buildActionMask = 2147483647;
			files = (
				913512EB2266D9D30023A80B /* LaunchScreen.storyboard in Resources */,
				913512E82266D9D30023A80B /* Assets.xcassets in Resources */,
				913512E62266D9D20023A80B /* Main.storyboard in Resources */,
			);
			runOnlyForDeploymentPostprocessing = 0;
		};
/* End PBXResourcesBuildPhase section */

/* Begin PBXSourcesBuildPhase section */
		913512D92266D9D20023A80B /* Sources */ = {
			isa = PBXSourcesBuildPhase;
			buildActionMask = 2147483647;
			files = (
				913512E32266D9D20023A80B /* ViewController.swift in Sources */,
				913512E12266D9D20023A80B /* AppDelegate.swift in Sources */,
			);
			runOnlyForDeploymentPostprocessing = 0;
		};
/* End PBXSourcesBuildPhase section */

/* Begin PBXVariantGroup section */
		913512E42266D9D20023A80B /* Main.storyboard */ = {
			isa = PBXVariantGroup;
			children = (
				913512E52266D9D20023A80B /* Base */,
			);
			name = Main.storyboard;
			sourceTree = "<group>";
		};
		913512E92266D9D30023A80B /* LaunchScreen.storyboard */ = {
			isa = PBXVariantGroup;
			children = (
				913512EA2266D9D30023A80B /* Base */,
			);
			name = LaunchScreen.storyboard;
			sourceTree = "<group>";
		};
/* End PBXVariantGroup section */

/* Begin XCBuildConfiguration section */
		913512ED2266D9D30023A80B /* Debug */ = {
			isa = XCBuildConfiguration;
			buildSettings = {
				ALWAYS_SEARCH_USER_PATHS = NO;
				CLANG_ANALYZER_NONNULL = YES;
				CLANG_ANALYZER_NUMBER_OBJECT_CONVERSION = YES_AGGRESSIVE;
				CLANG_CXX_LANGUAGE_STANDARD = "gnu++14";
				CLANG_CXX_LIBRARY = "libc++";
				CLANG_ENABLE_MODULES = YES;
				CLANG_ENABLE_OBJC_ARC = YES;
				CLANG_ENABLE_OBJC_WEAK = YES;
				CLANG_WARN_BLOCK_CAPTURE_AUTORELEASING = YES;
				CLANG_WARN_BOOL_CONVERSION = YES;
				CLANG_WARN_COMMA = YES;
				CLANG_WARN_CONSTANT_CONVERSION = YES;
				CLANG_WARN_DEPRECATED_OBJC_IMPLEMENTATIONS = YES;
				CLANG_WARN_DIRECT_OBJC_ISA_USAGE = YES_ERROR;
				CLANG_WARN_DOCUMENTATION_COMMENTS = YES;
				CLANG_WARN_EMPTY_BODY = YES;
				CLANG_WARN_ENUM_CONVERSION = YES;
				CLANG_WARN_INFINITE_RECURSION = YES;
				CLANG_WARN_INT_CONVERSION = YES;
				CLANG_WARN_NON_LITERAL_NULL_CONVERSION = YES;
				CLANG_WARN_OBJC_IMPLICIT_RETAIN_SELF = YES;
				CLANG_WARN_OBJC_LITERAL_CONVERSION = YES;
				CLANG_WARN_OBJC_ROOT_CLASS = YES_ERROR;
				CLANG_WARN_RANGE_LOOP_ANALYSIS = YES;
				CLANG_WARN_STRICT_PROTOTYPES = YES;
				CLANG_WARN_SUSPICIOUS_MOVE = YES;
				CLANG_WARN_UNGUARDED_AVAILABILITY = YES_AGGRESSIVE;
				CLANG_WARN_UNREACHABLE_CODE = YES;
				CLANG_WARN__DUPLICATE_METHOD_MATCH = YES;
				CODE_SIGN_IDENTITY = "iPhone Developer";
				COPY_PHASE_STRIP = NO;
				DEBUG_INFORMATION_FORMAT = dwarf;
				ENABLE_STRICT_OBJC_MSGSEND = YES;
				ENABLE_TESTABILITY = YES;
				GCC_C_LANGUAGE_STANDARD = gnu11;
				GCC_DYNAMIC_NO_PIC = NO;
				GCC_NO_COMMON_BLOCKS = YES;
				GCC_OPTIMIZATION_LEVEL = 0;
				GCC_PREPROCESSOR_DEFINITIONS = (
					"DEBUG=1",
					"$(inherited)",
				);
				GCC_WARN_64_TO_32_BIT_CONVERSION = YES;
				GCC_WARN_ABOUT_RETURN_TYPE = YES_ERROR;
				GCC_WARN_UNDECLARED_SELECTOR = YES;
				GCC_WARN_UNINITIALIZED_AUTOS = YES_AGGRESSIVE;
				GCC_WARN_UNUSED_FUNCTION = YES;
				GCC_WARN_UNUSED_VARIABLE = YES;
				IPHONEOS_DEPLOYMENT_TARGET = 12.2;
				MTL_ENABLE_DEBUG_INFO = INCLUDE_SOURCE;
				MTL_FAST_MATH = YES;
				ONLY_ACTIVE_ARCH = YES;
				SDKROOT = iphoneos;
				SWIFT_ACTIVE_COMPILATION_CONDITIONS = DEBUG;
				SWIFT_OPTIMIZATION_LEVEL = "-Onone";
			};
			name = Debug;
		};
		913512EE2266D9D30023A80B /* Release */ = {
			isa = XCBuildConfiguration;
			buildSettings = {
				ALWAYS_SEARCH_USER_PATHS = NO;
				CLANG_ANALYZER_NONNULL = YES;
				CLANG_ANALYZER_NUMBER_OBJECT_CONVERSION = YES_AGGRESSIVE;
				CLANG_CXX_LANGUAGE_STANDARD = "gnu++14";
				CLANG_CXX_LIBRARY = "libc++";
				CLANG_ENABLE_MODULES = YES;
				CLANG_ENABLE_OBJC_ARC = YES;
				CLANG_ENABLE_OBJC_WEAK = YES;
				CLANG_WARN_BLOCK_CAPTURE_AUTORELEASING = YES;
				CLANG_WARN_BOOL_CONVERSION = YES;
				CLANG_WARN_COMMA = YES;
				CLANG_WARN_CONSTANT_CONVERSION = YES;
				CLANG_WARN_DEPRECATED_OBJC_IMPLEMENTATIONS = YES;
				CLANG_WARN_DIRECT_OBJC_ISA_USAGE = YES_ERROR;
				CLANG_WARN_DOCUMENTATION_COMMENTS = YES;
				CLANG_WARN_EMPTY_BODY = YES;
				CLANG_WARN_ENUM_CONVERSION = YES;
				CLANG_WARN_INFINITE_RECURSION = YES;
				CLANG_WARN_INT_CONVERSION = YES;
				CLANG_WARN_NON_LITERAL_NULL_CONVERSION = YES;
				CLANG_WARN_OBJC_IMPLICIT_RETAIN_SELF = YES;
				CLANG_WARN_OBJC_LITERAL_CONVERSION = YES;
				CLANG_WARN_OBJC_ROOT_CLASS = YES_ERROR;
				CLANG_WARN_RANGE_LOOP_ANALYSIS = YES;
				CLANG_WARN_STRICT_PROTOTYPES = YES;
				CLANG_WARN_SUSPICIOUS_MOVE = YES;
				CLANG_WARN_UNGUARDED_AVAILABILITY = YES_AGGRESSIVE;
				CLANG_WARN_UNREACHABLE_CODE = YES;
				CLANG_WARN__DUPLICATE_METHOD_MATCH = YES;
				CODE_SIGN_IDENTITY = "iPhone Developer";
				COPY_PHASE_STRIP = NO;
				DEBUG_INFORMATION_FORMAT = "dwarf-with-dsym";
				ENABLE_NS_ASSERTIONS = NO;
				ENABLE_STRICT_OBJC_MSGSEND = YES;
				GCC_C_LANGUAGE_STANDARD = gnu11;
				GCC_NO_COMMON_BLOCKS = YES;
				GCC_WARN_64_TO_32_BIT_CONVERSION = YES;
				GCC_WARN_ABOUT_RETURN_TYPE = YES_ERROR;
				GCC_WARN_UNDECLARED_SELECTOR = YES;
				GCC_WARN_UNINITIALIZED_AUTOS = YES_AGGRESSIVE;
				GCC_WARN_UNUSED_FUNCTION = YES;
				GCC_WARN_UNUSED_VARIABLE = YES;
				IPHONEOS_DEPLOYMENT_TARGET = 12.2;
				MTL_ENABLE_DEBUG_INFO = NO;
				MTL_FAST_MATH = YES;
				SDKROOT = iphoneos;
				SWIFT_COMPILATION_MODE = wholemodule;
				SWIFT_OPTIMIZATION_LEVEL = "-O";
				VALIDATE_PRODUCT = YES;
			};
			name = Release;
		};
		913512F02266D9D30023A80B /* Debug */ = {
			isa = XCBuildConfiguration;
			buildSettings = {
				ASSETCATALOG_COMPILER_APPICON_NAME = AppIcon;
				CODE_SIGN_STYLE = Automatic;
				DEVELOPMENT_TEAM = 6T77DN6967;
				INFOPLIST_FILE = bluetoothbuddy/Info.plist;
				LD_RUNPATH_SEARCH_PATHS = (
					"$(inherited)",
					"@executable_path/Frameworks",
				);
				PRODUCT_BUNDLE_IDENTIFIER = com.Bennett.Schoonerman.bluetoothbuddy;
				PRODUCT_NAME = "$(TARGET_NAME)";
				SWIFT_VERSION = 5.0;
				TARGETED_DEVICE_FAMILY = "1,2";
			};
			name = Debug;
		};
		913512F12266D9D30023A80B /* Release */ = {
			isa = XCBuildConfiguration;
			buildSettings = {
				ASSETCATALOG_COMPILER_APPICON_NAME = AppIcon;
				CODE_SIGN_STYLE = Automatic;
				DEVELOPMENT_TEAM = 6T77DN6967;
				INFOPLIST_FILE = bluetoothbuddy/Info.plist;
				LD_RUNPATH_SEARCH_PATHS = (
					"$(inherited)",
					"@executable_path/Frameworks",
				);
				PRODUCT_BUNDLE_IDENTIFIER = com.Bennett.Schoonerman.bluetoothbuddy;
				PRODUCT_NAME = "$(TARGET_NAME)";
				SWIFT_VERSION = 5.0;
				TARGETED_DEVICE_FAMILY = "1,2";
			};
			name = Release;
		};
/* End XCBuildConfiguration section */

/* Begin XCConfigurationList section */
		913512D82266D9D20023A80B /* Build configuration list for PBXProject "bluetoothbuddy" */ = {
			isa = XCConfigurationList;
			buildConfigurations = (
				913512ED2266D9D30023A80B /* Debug */,
				913512EE2266D9D30023A80B /* Release */,
			);
			defaultConfigurationIsVisible = 0;
			defaultConfigurationName = Release;
		};
		913512EF2266D9D30023A80B /* Build configuration list for PBXNativeTarget "bluetoothbuddy" */ = {
			isa = XCConfigurationList;
			buildConfigurations = (
				913512F02266D9D30023A80B /* Debug */,
				913512F12266D9D30023A80B /* Release */,
			);
			defaultConfigurationIsVisible = 0;
			defaultConfigurationName = Release;
		};
/* End XCConfigurationList section */
	};
	rootObject = 913512D52266D9D20023A80B /* Project object */;
}
